
Microsoft Visual Studio Solution File, Format Version 12.00
# Visual Studio Version 16
VisualStudioVersion = 16.0.31005.135
MinimumVisualStudioVersion = 10.0.40219.1
Project("{9A19103F-16F7-4668-BE54-9A1E7A4F7556}") = "JoshsJelliesAndJams", "JoshsJelliesAndJams\JoshsJelliesAndJams.csproj", "{F1DFD195-2841-4850-B7A3-7292DE5725B1}"
EndProject
Project("{9A19103F-16F7-4668-BE54-9A1E7A4F7556}") = "JoshsJelliesAndJams.DAL", "JoshsJelliesAndJamsDAL\JoshsJelliesAndJams.DAL.csproj", "{9F8D33E6-CB5D-4ADE-896A-54D447624100}"
	ProjectSection(ProjectDependencies) = postProject
		{F1DFD195-2841-4850-B7A3-7292DE5725B1} = {F1DFD195-2841-4850-B7A3-7292DE5725B1}
	EndProjectSection
EndProject
Project("{FAE04EC0-301F-11D3-BF4B-00C04F79EFBC}") = "JoshsJelliesAndJams.Library", "JoshsJelliesAndJams.Library\JoshsJelliesAndJams.Library.csproj", "{AD335985-2FD4-4509-9D14-731F03C4B759}"
	ProjectSection(ProjectDependencies) = postProject
		{F1DFD195-2841-4850-B7A3-7292DE5725B1} = {F1DFD195-2841-4850-B7A3-7292DE5725B1}
		{9F8D33E6-CB5D-4ADE-896A-54D447624100} = {9F8D33E6-CB5D-4ADE-896A-54D447624100}
	EndProjectSection
EndProject
Global
	GlobalSection(SolutionConfigurationPlatforms) = preSolution
		Debug|Any CPU = Debug|Any CPU
		Release|Any CPU = Release|Any CPU
	EndGlobalSection
	GlobalSection(ProjectConfigurationPlatforms) = postSolution
		{F1DFD195-2841-4850-B7A3-7292DE5725B1}.Debug|Any CPU.ActiveCfg = Debug|Any CPU
		{F1DFD195-2841-4850-B7A3-7292DE5725B1}.Debug|Any CPU.Build.0 = Debug|Any CPU
		{F1DFD195-2841-4850-B7A3-7292DE5725B1}.Release|Any CPU.ActiveCfg = Release|Any CPU
		{F1DFD195-2841-4850-B7A3-7292DE5725B1}.Release|Any CPU.Build.0 = Release|Any CPU
		{9F8D33E6-CB5D-4ADE-896A-54D447624100}.Debug|Any CPU.ActiveCfg = Debug|Any CPU
		{9F8D33E6-CB5D-4ADE-896A-54D447624100}.Debug|Any CPU.Build.0 = Debug|Any CPU
		{9F8D33E6-CB5D-4ADE-896A-54D447624100}.Release|Any CPU.ActiveCfg = Release|Any CPU
		{9F8D33E6-CB5D-4ADE-896A-54D447624100}.Release|Any CPU.Build.0 = Release|Any CPU
		{AD335985-2FD4-4509-9D14-731F03C4B759}.Debug|Any CPU.ActiveCfg = Debug|Any CPU
		{AD335985-2FD4-4509-9D14-731F03C4B759}.Debug|Any CPU.Build.0 = Debug|Any CPU
		{AD335985-2FD4-4509-9D14-731F03C4B759}.Release|Any CPU.ActiveCfg = Release|Any CPU
		{AD335985-2FD4-4509-9D14-731F03C4B759}.Release|Any CPU.Build.0 = Release|Any CPU
	EndGlobalSection
	GlobalSection(SolutionProperties) = preSolution
		HideSolutionNode = FALSE
	EndGlobalSection
	GlobalSection(ExtensibilityGlobals) = postSolution
		SolutionGuid = {31032BCC-FABA-42FB-92DC-F93FA38FF0C8}
	EndGlobalSection
EndGlobal
