
Microsoft Visual Studio Solution File, Format Version 12.00
# Visual Studio Version 16
VisualStudioVersion = 16.0.31005.135
MinimumVisualStudioVersion = 10.0.40219.1
Project("{FAE04EC0-301F-11D3-BF4B-00C04F79EFBC}") = "JoshsJelliesAndJams", "JoshsJelliesAndJams\JoshsJelliesAndJams.csproj", "{B80E6013-DBCA-43AC-AE61-622E8727F340}"
EndProject
Global
	GlobalSection(SolutionConfigurationPlatforms) = preSolution
		Debug|Any CPU = Debug|Any CPU
		Release|Any CPU = Release|Any CPU
	EndGlobalSection
	GlobalSection(ProjectConfigurationPlatforms) = postSolution
		{B80E6013-DBCA-43AC-AE61-622E8727F340}.Debug|Any CPU.ActiveCfg = Debug|Any CPU
		{B80E6013-DBCA-43AC-AE61-622E8727F340}.Debug|Any CPU.Build.0 = Debug|Any CPU
		{B80E6013-DBCA-43AC-AE61-622E8727F340}.Release|Any CPU.ActiveCfg = Release|Any CPU
		{B80E6013-DBCA-43AC-AE61-622E8727F340}.Release|Any CPU.Build.0 = Release|Any CPU
	EndGlobalSection
	GlobalSection(SolutionProperties) = preSolution
		HideSolutionNode = FALSE
	EndGlobalSection
	GlobalSection(ExtensibilityGlobals) = postSolution
		SolutionGuid = {DCF8FA12-23D3-45BA-9E24-3CF0BA05A7D0}
	EndGlobalSection
EndGlobal
