
Microsoft Visual Studio Solution File, Format Version 12.00
# Visual Studio Version 16
VisualStudioVersion = 16.0.31005.135
MinimumVisualStudioVersion = 10.0.40219.1
Project("{9A19103F-16F7-4668-BE54-9A1E7A4F7556}") = "JoshsJelliesAndJams", "JoshsJelliesAndJams.csproj", "{064903F7-C1FF-48C5-BA0C-DE482F651B3D}"
EndProject
Project("{FAE04EC0-301F-11D3-BF4B-00C04F79EFBC}") = "JoshsJelliesAndJamsBLL", "..\JoshsJelliesAndJamsBLL\JoshsJelliesAndJamsBLL.csproj", "{F82439C1-A637-438E-97ED-BC62E9DBBB3C}"
EndProject
Project("{FAE04EC0-301F-11D3-BF4B-00C04F79EFBC}") = "JoshsJelliesAndJamsDAL", "..\JoshsJelliesAndJamsDAL\JoshsJelliesAndJamsDAL.csproj", "{177D4C71-9373-4621-9DF9-79F17598DD7C}"
EndProject
Project("{FAE04EC0-301F-11D3-BF4B-00C04F79EFBC}") = "JoshsJelliesAndJams.Models", "..\JoshsJelliesAndJams.Models\JoshsJelliesAndJams.Models.csproj", "{3E68FC5E-BD4D-468F-9408-FBEFA8B88ED6}"
EndProject
Project("{FAE04EC0-301F-11D3-BF4B-00C04F79EFBC}") = "JoshsJelliesAndJams.Interface", "..\JoshsJelliesAndJams.Interface\JoshsJelliesAndJams.Interface.csproj", "{96C3BE29-672A-42BC-BA19-57F58C3D170C}"
EndProject
Global
	GlobalSection(SolutionConfigurationPlatforms) = preSolution
		Debug|Any CPU = Debug|Any CPU
		Release|Any CPU = Release|Any CPU
	EndGlobalSection
	GlobalSection(ProjectConfigurationPlatforms) = postSolution
		{064903F7-C1FF-48C5-BA0C-DE482F651B3D}.Debug|Any CPU.ActiveCfg = Debug|Any CPU
		{064903F7-C1FF-48C5-BA0C-DE482F651B3D}.Debug|Any CPU.Build.0 = Debug|Any CPU
		{064903F7-C1FF-48C5-BA0C-DE482F651B3D}.Release|Any CPU.ActiveCfg = Release|Any CPU
		{064903F7-C1FF-48C5-BA0C-DE482F651B3D}.Release|Any CPU.Build.0 = Release|Any CPU
		{F82439C1-A637-438E-97ED-BC62E9DBBB3C}.Debug|Any CPU.ActiveCfg = Debug|Any CPU
		{F82439C1-A637-438E-97ED-BC62E9DBBB3C}.Debug|Any CPU.Build.0 = Debug|Any CPU
		{F82439C1-A637-438E-97ED-BC62E9DBBB3C}.Release|Any CPU.ActiveCfg = Release|Any CPU
		{F82439C1-A637-438E-97ED-BC62E9DBBB3C}.Release|Any CPU.Build.0 = Release|Any CPU
		{177D4C71-9373-4621-9DF9-79F17598DD7C}.Debug|Any CPU.ActiveCfg = Debug|Any CPU
		{177D4C71-9373-4621-9DF9-79F17598DD7C}.Debug|Any CPU.Build.0 = Debug|Any CPU
		{177D4C71-9373-4621-9DF9-79F17598DD7C}.Release|Any CPU.ActiveCfg = Release|Any CPU
		{177D4C71-9373-4621-9DF9-79F17598DD7C}.Release|Any CPU.Build.0 = Release|Any CPU
		{3E68FC5E-BD4D-468F-9408-FBEFA8B88ED6}.Debug|Any CPU.ActiveCfg = Debug|Any CPU
		{3E68FC5E-BD4D-468F-9408-FBEFA8B88ED6}.Debug|Any CPU.Build.0 = Debug|Any CPU
		{3E68FC5E-BD4D-468F-9408-FBEFA8B88ED6}.Release|Any CPU.ActiveCfg = Release|Any CPU
		{3E68FC5E-BD4D-468F-9408-FBEFA8B88ED6}.Release|Any CPU.Build.0 = Release|Any CPU
		{96C3BE29-672A-42BC-BA19-57F58C3D170C}.Debug|Any CPU.ActiveCfg = Debug|Any CPU
		{96C3BE29-672A-42BC-BA19-57F58C3D170C}.Debug|Any CPU.Build.0 = Debug|Any CPU
		{96C3BE29-672A-42BC-BA19-57F58C3D170C}.Release|Any CPU.ActiveCfg = Release|Any CPU
		{96C3BE29-672A-42BC-BA19-57F58C3D170C}.Release|Any CPU.Build.0 = Release|Any CPU
	EndGlobalSection
	GlobalSection(SolutionProperties) = preSolution
		HideSolutionNode = FALSE
	EndGlobalSection
	GlobalSection(ExtensibilityGlobals) = postSolution
		SolutionGuid = {6D5C8297-807B-49A6-87D7-52019CCC6777}
	EndGlobalSection
EndGlobal
